{
  "name": "orm",
  "version": "5.0.2",
  "lockfileVersion": 1,
  "requires": true,
  "dependencies": {
    "async": {
      "version": "3.0.1-0",
      "resolved": "https://registry.npmjs.org/async/-/async-3.0.1-0.tgz",
      "integrity": "sha512-b+lONkCWH/GCAIrU0j4m5zed5t+5dfjM2TbUSmKCagx6TZp2jQrNkGL7j1SUb0fF1yH6sKBiXC7Zid8Zj94O6A=="
    },
    "enforce": {
      "version": "0.1.7",
      "resolved": "https://registry.npmjs.org/enforce/-/enforce-0.1.7.tgz",
      "integrity": "sha1-r3zdP6mCsuyq4GrntcJZUX0ivj8="
    },
    "hat": {
      "version": "0.0.3",
      "resolved": "https://registry.npmjs.org/hat/-/hat-0.0.3.tgz",
      "integrity": "sha1-uwFKnmSzeIrtgAWRdBPU/z1QLYo="
    },
    "lodash": {
      "version": "4.17.11",
      "resolved": "https://registry.npmjs.org/lodash/-/lodash-4.17.11.tgz",
      "integrity": "sha512-cQKh8igo5QUhZ7lg38DYWAxMvjSAKG0A8wGSVimP07SIUEK2UO+arSRKbRZWtelMtN5V0Hkwh5ryOto/SshYIg=="
    },
    "node-uuid": {
      "version": "1.4.8",
      "resolved": "https://registry.npmjs.org/node-uuid/-/node-uuid-1.4.8.tgz",
      "integrity": "sha1-sEDrCSOWivq/jTL7HxfxFn/auQc="
    },
    "path-is-absolute": {
      "version": "1.0.1",
      "resolved": "https://registry.npmjs.org/path-is-absolute/-/path-is-absolute-1.0.1.tgz",
      "integrity": "sha1-F0uSaHNVNP+8es5r9TpanhtcX18="
    },
    "sql-ddl-sync": {
      "version": "0.3.14",
      "resolved": "https://registry.npmjs.org/sql-ddl-sync/-/sql-ddl-sync-0.3.14.tgz",
      "integrity": "sha512-iKY7pFY7qiXoqRK8QZEvcZ9JSVFuD6XiNriHqCbiCYYYWR7DCWyjrwauL1OUYgVCxd6Ehe3+wwgp9ZRQtTux0A==",
      "requires": {
        "lodash": "4.17.10"
      },
      "dependencies": {
        "lodash": {
          "version": "4.17.10",
          "resolved": "https://registry.npmjs.org/lodash/-/lodash-4.17.10.tgz",
          "integrity": "sha512-UejweD1pDoXu+AD825lWwp4ZGtSwgnpZxb3JDViD7StjQz+Nb/6l093lx4OQ0foGWNRoc19mWy7BzL+UAK2iVg=="
        }
      }
    },
    "sql-query": {
      "version": "0.1.27",
      "resolved": "https://registry.npmjs.org/sql-query/-/sql-query-0.1.27.tgz",
      "integrity": "sha512-XXK6W6n0D18YspS/7TziKln8ij9RUnpDzl+qr2hUOqEqrhuilGPhbKBYQ1dkfYoQ0ViNtr2y8RKut06nkAkx2w=="
    }
  }
}
